
Microsoft Visual Studio Solution File, Format Version 12.00
# Visual Studio Version 16
VisualStudioVersion = 16.0.30225.117
MinimumVisualStudioVersion = 10.0.40219.1
Project("{FAE04EC0-301F-11D3-BF4B-00C04F79EFBC}") = "Sudoku Solver", "Sudoku Solver\Sudoku Solver.csproj", "{724F3E2B-61D9-49E9-9BDA-A577E44F0664}"
EndProject
Global
	GlobalSection(SolutionConfigurationPlatforms) = preSolution
		Debug|Any CPU = Debug|Any CPU
		Release|Any CPU = Release|Any CPU
	EndGlobalSection
	GlobalSection(ProjectConfigurationPlatforms) = postSolution
		{724F3E2B-61D9-49E9-9BDA-A577E44F0664}.Debug|Any CPU.ActiveCfg = Debug|Any CPU
		{724F3E2B-61D9-49E9-9BDA-A577E44F0664}.Debug|Any CPU.Build.0 = Debug|Any CPU
		{724F3E2B-61D9-49E9-9BDA-A577E44F0664}.Release|Any CPU.ActiveCfg = Release|Any CPU
		{724F3E2B-61D9-49E9-9BDA-A577E44F0664}.Release|Any CPU.Build.0 = Release|Any CPU
	EndGlobalSection
	GlobalSection(SolutionProperties) = preSolution
		HideSolutionNode = FALSE
	EndGlobalSection
	GlobalSection(ExtensibilityGlobals) = postSolution
		SolutionGuid = {D4647B78-7643-4B8C-9EB8-6A6435A6B1AE}
	EndGlobalSection
EndGlobal
